// !$*UTF8*$!
{
	archiveVersion = 1;
	classes = {
	};
	objectVersion = 55;
	objects = {

/* Begin PBXBuildFile section */
		9E27C088282B890700025673 /* SwiftUIDemoApp.swift in Sources */ = {isa = PBXBuildFile; fileRef = 9E27C087282B890700025673 /* SwiftUIDemoApp.swift */; };
		9E27C08A282B890700025673 /* ContentView.swift in Sources */ = {isa = PBXBuildFile; fileRef = 9E27C089282B890700025673 /* ContentView.swift */; };
		9E27C08C282B890800025673 /* Assets.xcassets in Resources */ = {isa = PBXBuildFile; fileRef = 9E27C08B282B890800025673 /* Assets.xcassets */; };
		9E27C08F282B890800025673 /* Preview Assets.xcassets in Resources */ = {isa = PBXBuildFile; fileRef = 9E27C08E282B890800025673 /* Preview Assets.xcassets */; };
		9EDB304B282E2C300034E53C /* LoginViewController.xib in Resources */ = {isa = PBXBuildFile; fileRef = 9EDB3049282E2C300034E53C /* LoginViewController.xib */; };
		9EDB304C282E2C300034E53C /* LoginViewController.swift in Sources */ = {isa = PBXBuildFile; fileRef = 9EDB304A282E2C300034E53C /* LoginViewController.swift */; };
		9EDB3050282E30780034E53C /* LoginViewControllerRepresentable.swift in Sources */ = {isa = PBXBuildFile; fileRef = 9EDB304F282E30780034E53C /* LoginViewControllerRepresentable.swift */; };
		9EDB3053282E3C6B0034E53C /* UserView.swift in Sources */ = {isa = PBXBuildFile; fileRef = 9EDB3052282E3C6B0034E53C /* UserView.swift */; };
		9EDEDFF1282FBA1F00D9E693 /* MyColorUISlider.swift in Sources */ = {isa = PBXBuildFile; fileRef = 9EDEDFF0282FBA1F00D9E693 /* MyColorUISlider.swift */; };
		9EDEDFF42830AC5700D9E693 /* AvatarView.swift in Sources */ = {isa = PBXBuildFile; fileRef = 9EDEDFF32830AC5700D9E693 /* AvatarView.swift */; };
		9EDEDFF62830AC7200D9E693 /* AvatarView.xib in Resources */ = {isa = PBXBuildFile; fileRef = 9EDEDFF52830AC7200D9E693 /* AvatarView.xib */; };
		9EDF034B2830BDB300CE9361 /* MyAvatar.swift in Sources */ = {isa = PBXBuildFile; fileRef = 9EDF034A2830BDB300CE9361 /* MyAvatar.swift */; };
/* End PBXBuildFile section */

/* Begin PBXFileReference section */
		9E27C084282B890700025673 /* SwiftUIDemo.app */ = {isa = PBXFileReference; explicitFileType = wrapper.application; includeInIndex = 0; path = SwiftUIDemo.app; sourceTree = BUILT_PRODUCTS_DIR; };
		9E27C087282B890700025673 /* SwiftUIDemoApp.swift */ = {isa = PBXFileReference; lastKnownFileType = sourcecode.swift; path = SwiftUIDemoApp.swift; sourceTree = "<group>"; };
		9E27C089282B890700025673 /* ContentView.swift */ = {isa = PBXFileReference; lastKnownFileType = sourcecode.swift; path = ContentView.swift; sourceTree = "<group>"; };
		9E27C08B282B890800025673 /* Assets.xcassets */ = {isa = PBXFileReference; lastKnownFileType = folder.assetcatalog; path = Assets.xcassets; sourceTree = "<group>"; };
		9E27C08E282B890800025673 /* Preview Assets.xcassets */ = {isa = PBXFileReference; lastKnownFileType = folder.assetcatalog; path = "Preview Assets.xcassets"; sourceTree = "<group>"; };
		9EDB3049282E2C300034E53C /* LoginViewController.xib */ = {isa = PBXFileReference; fileEncoding = 4; lastKnownFileType = file.xib; path = LoginViewController.xib; sourceTree = "<group>"; };
		9EDB304A282E2C300034E53C /* LoginViewController.swift */ = {isa = PBXFileReference; fileEncoding = 4; lastKnownFileType = sourcecode.swift; path = LoginViewController.swift; sourceTree = "<group>"; };
		9EDB304F282E30780034E53C /* LoginViewControllerRepresentable.swift */ = {isa = PBXFileReference; lastKnownFileType = sourcecode.swift; path = LoginViewControllerRepresentable.swift; sourceTree = "<group>"; };
		9EDB3052282E3C6B0034E53C /* UserView.swift */ = {isa = PBXFileReference; lastKnownFileType = sourcecode.swift; path = UserView.swift; sourceTree = "<group>"; };
		9EDEDFF0282FBA1F00D9E693 /* MyColorUISlider.swift */ = {isa = PBXFileReference; lastKnownFileType = sourcecode.swift; path = MyColorUISlider.swift; sourceTree = "<group>"; };
		9EDEDFF32830AC5700D9E693 /* AvatarView.swift */ = {isa = PBXFileReference; lastKnownFileType = sourcecode.swift; path = AvatarView.swift; sourceTree = "<group>"; };
		9EDEDFF52830AC7200D9E693 /* AvatarView.xib */ = {isa = PBXFileReference; lastKnownFileType = file.xib; path = AvatarView.xib; sourceTree = "<group>"; };
		9EDF034A2830BDB300CE9361 /* MyAvatar.swift */ = {isa = PBXFileReference; lastKnownFileType = sourcecode.swift; path = MyAvatar.swift; sourceTree = "<group>"; };
/* End PBXFileReference section */

/* Begin PBXFrameworksBuildPhase section */
		9E27C081282B890700025673 /* Frameworks */ = {
			isa = PBXFrameworksBuildPhase;
			buildActionMask = 2147483647;
			files = (
			);
			runOnlyForDeploymentPostprocessing = 0;
		};
/* End PBXFrameworksBuildPhase section */

/* Begin PBXGroup section */
		9E27C07B282B890700025673 = {
			isa = PBXGroup;
			children = (
				9E27C086282B890700025673 /* SwiftUIDemo */,
				9E27C085282B890700025673 /* Products */,
			);
			sourceTree = "<group>";
		};
		9E27C085282B890700025673 /* Products */ = {
			isa = PBXGroup;
			children = (
				9E27C084282B890700025673 /* SwiftUIDemo.app */,
			);
			name = Products;
			sourceTree = "<group>";
		};
		9E27C086282B890700025673 /* SwiftUIDemo */ = {
			isa = PBXGroup;
			children = (
				9EDB304D282E30070034E53C /* Controllers */,
				9EDB3047282E2BF00034E53C /* Views */,
				9EDB3046282E2BD40034E53C /* App */,
				9E27C08B282B890800025673 /* Assets.xcassets */,
				9E27C08D282B890800025673 /* Preview Content */,
			);
			path = SwiftUIDemo;
			sourceTree = "<group>";
		};
		9E27C08D282B890800025673 /* Preview Content */ = {
			isa = PBXGroup;
			children = (
				9E27C08E282B890800025673 /* Preview Assets.xcassets */,
			);
			path = "Preview Content";
			sourceTree = "<group>";
		};
		9EDB3046282E2BD40034E53C /* App */ = {
			isa = PBXGroup;
			children = (
				9E27C087282B890700025673 /* SwiftUIDemoApp.swift */,
			);
			path = App;
			sourceTree = "<group>";
		};
		9EDB3047282E2BF00034E53C /* Views */ = {
			isa = PBXGroup;
			children = (
				9EDEDFF22830AC4100D9E693 /* AvatarView */,
				9EDB3051282E3C4D0034E53C /* UserView */,
				9EDB304E282E30450034E53C /* LoginView */,
				9E27C089282B890700025673 /* ContentView.swift */,
			);
			path = Views;
			sourceTree = "<group>";
		};
		9EDB3048282E2C300034E53C /* LoginVC */ = {
			isa = PBXGroup;
			children = (
				9EDB3049282E2C300034E53C /* LoginViewController.xib */,
				9EDB304A282E2C300034E53C /* LoginViewController.swift */,
			);
			path = LoginVC;
			sourceTree = "<group>";
		};
		9EDB304D282E30070034E53C /* Controllers */ = {
			isa = PBXGroup;
			children = (
				9EDB3048282E2C300034E53C /* LoginVC */,
			);
			path = Controllers;
			sourceTree = "<group>";
		};
		9EDB304E282E30450034E53C /* LoginView */ = {
			isa = PBXGroup;
			children = (
				9EDB304F282E30780034E53C /* LoginViewControllerRepresentable.swift */,
			);
			path = LoginView;
			sourceTree = "<group>";
		};
		9EDB3051282E3C4D0034E53C /* UserView */ = {
			isa = PBXGroup;
			children = (
				9EDB3052282E3C6B0034E53C /* UserView.swift */,
				9EDEDFF0282FBA1F00D9E693 /* MyColorUISlider.swift */,
			);
			path = UserView;
			sourceTree = "<group>";
		};
		9EDEDFF22830AC4100D9E693 /* AvatarView */ = {
			isa = PBXGroup;
			children = (
				9EDEDFF32830AC5700D9E693 /* AvatarView.swift */,
				9EDEDFF52830AC7200D9E693 /* AvatarView.xib */,
				9EDF034A2830BDB300CE9361 /* MyAvatar.swift */,
			);
			path = AvatarView;
			sourceTree = "<group>";
		};
/* End PBXGroup section */

/* Begin PBXNativeTarget section */
		9E27C083282B890700025673 /* SwiftUIDemo */ = {
			isa = PBXNativeTarget;
			buildConfigurationList = 9E27C092282B890800025673 /* Build configuration list for PBXNativeTarget "SwiftUIDemo" */;
			buildPhases = (
				9E27C080282B890700025673 /* Sources */,
				9E27C081282B890700025673 /* Frameworks */,
				9E27C082282B890700025673 /* Resources */,
			);
			buildRules = (
			);
			dependencies = (
			);
			name = SwiftUIDemo;
			productName = SwiftUIDemo;
			productReference = 9E27C084282B890700025673 /* SwiftUIDemo.app */;
			productType = "com.apple.product-type.application";
		};
/* End PBXNativeTarget section */

/* Begin PBXProject section */
		9E27C07C282B890700025673 /* Project object */ = {
			isa = PBXProject;
			attributes = {
				BuildIndependentTargetsInParallel = 1;
				LastSwiftUpdateCheck = 1330;
				LastUpgradeCheck = 1330;
				TargetAttributes = {
					9E27C083282B890700025673 = {
						CreatedOnToolsVersion = 13.3.1;
					};
				};
			};
			buildConfigurationList = 9E27C07F282B890700025673 /* Build configuration list for PBXProject "SwiftUIDemo" */;
			compatibilityVersion = "Xcode 13.0";
			developmentRegion = en;
			hasScannedForEncodings = 0;
			knownRegions = (
				en,
				Base,
			);
			mainGroup = 9E27C07B282B890700025673;
			productRefGroup = 9E27C085282B890700025673 /* Products */;
			projectDirPath = "";
			projectRoot = "";
			targets = (
				9E27C083282B890700025673 /* SwiftUIDemo */,
			);
		};
/* End PBXProject section */

/* Begin PBXResourcesBuildPhase section */
		9E27C082282B890700025673 /* Resources */ = {
			isa = PBXResourcesBuildPhase;
			buildActionMask = 2147483647;
			files = (
				9E27C08F282B890800025673 /* Preview Assets.xcassets in Resources */,
				9EDEDFF62830AC7200D9E693 /* AvatarView.xib in Resources */,
				9E27C08C282B890800025673 /* Assets.xcassets in Resources */,
				9EDB304B282E2C300034E53C /* LoginViewController.xib in Resources */,
			);
			runOnlyForDeploymentPostprocessing = 0;
		};
/* End PBXResourcesBuildPhase section */

/* Begin PBXSourcesBuildPhase section */
		9E27C080282B890700025673 /* Sources */ = {
			isa = PBXSourcesBuildPhase;
			buildActionMask = 2147483647;
			files = (
				9EDEDFF1282FBA1F00D9E693 /* MyColorUISlider.swift in Sources */,
				9EDB304C282E2C300034E53C /* LoginViewController.swift in Sources */,
				9EDEDFF42830AC5700D9E693 /* AvatarView.swift in Sources */,
				9EDB3050282E30780034E53C /* LoginViewControllerRepresentable.swift in Sources */,
				9EDB3053282E3C6B0034E53C /* UserView.swift in Sources */,
				9E27C08A282B890700025673 /* ContentView.swift in Sources */,
				9EDF034B2830BDB300CE9361 /* MyAvatar.swift in Sources */,
				9E27C088282B890700025673 /* SwiftUIDemoApp.swift in Sources */,
			);
			runOnlyForDeploymentPostprocessing = 0;
		};
/* End PBXSourcesBuildPhase section */

/* Begin XCBuildConfiguration section */
		9E27C090282B890800025673 /* Debug */ = {
			isa = XCBuildConfiguration;
			buildSettings = {
				ALWAYS_SEARCH_USER_PATHS = NO;
				CLANG_ANALYZER_NONNULL = YES;
				CLANG_ANALYZER_NUMBER_OBJECT_CONVERSION = YES_AGGRESSIVE;
				CLANG_CXX_LANGUAGE_STANDARD = "gnu++17";
				CLANG_ENABLE_MODULES = YES;
				CLANG_ENABLE_OBJC_ARC = YES;
				CLANG_ENABLE_OBJC_WEAK = YES;
				CLANG_WARN_BLOCK_CAPTURE_AUTORELEASING = YES;
				CLANG_WARN_BOOL_CONVERSION = YES;
				CLANG_WARN_COMMA = YES;
				CLANG_WARN_CONSTANT_CONVERSION = YES;
				CLANG_WARN_DEPRECATED_OBJC_IMPLEMENTATIONS = YES;
				CLANG_WARN_DIRECT_OBJC_ISA_USAGE = YES_ERROR;
				CLANG_WARN_DOCUMENTATION_COMMENTS = YES;
				CLANG_WARN_EMPTY_BODY = YES;
				CLANG_WARN_ENUM_CONVERSION = YES;
				CLANG_WARN_INFINITE_RECURSION = YES;
				CLANG_WARN_INT_CONVERSION = YES;
				CLANG_WARN_NON_LITERAL_NULL_CONVERSION = YES;
				CLANG_WARN_OBJC_IMPLICIT_RETAIN_SELF = YES;
				CLANG_WARN_OBJC_LITERAL_CONVERSION = YES;
				CLANG_WARN_OBJC_ROOT_CLASS = YES_ERROR;
				CLANG_WARN_QUOTED_INCLUDE_IN_FRAMEWORK_HEADER = YES;
				CLANG_WARN_RANGE_LOOP_ANALYSIS = YES;
				CLANG_WARN_STRICT_PROTOTYPES = YES;
				CLANG_WARN_SUSPICIOUS_MOVE = YES;
				CLANG_WARN_UNGUARDED_AVAILABILITY = YES_AGGRESSIVE;
				CLANG_WARN_UNREACHABLE_CODE = YES;
				CLANG_WARN__DUPLICATE_METHOD_MATCH = YES;
				COPY_PHASE_STRIP = NO;
				DEBUG_INFORMATION_FORMAT = dwarf;
				ENABLE_STRICT_OBJC_MSGSEND = YES;
				ENABLE_TESTABILITY = YES;
				GCC_C_LANGUAGE_STANDARD = gnu11;
				GCC_DYNAMIC_NO_PIC = NO;
				GCC_NO_COMMON_BLOCKS = YES;
				GCC_OPTIMIZATION_LEVEL = 0;
				GCC_PREPROCESSOR_DEFINITIONS = (
					"DEBUG=1",
					"$(inherited)",
				);
				GCC_WARN_64_TO_32_BIT_CONVERSION = YES;
				GCC_WARN_ABOUT_RETURN_TYPE = YES_ERROR;
				GCC_WARN_UNDECLARED_SELECTOR = YES;
				GCC_WARN_UNINITIALIZED_AUTOS = YES_AGGRESSIVE;
				GCC_WARN_UNUSED_FUNCTION = YES;
				GCC_WARN_UNUSED_VARIABLE = YES;
				IPHONEOS_DEPLOYMENT_TARGET = 15.4;
				MTL_ENABLE_DEBUG_INFO = INCLUDE_SOURCE;
				MTL_FAST_MATH = YES;
				ONLY_ACTIVE_ARCH = YES;
				SDKROOT = iphoneos;
				SWIFT_ACTIVE_COMPILATION_CONDITIONS = DEBUG;
				SWIFT_OPTIMIZATION_LEVEL = "-Onone";
			};
			name = Debug;
		};
		9E27C091282B890800025673 /* Release */ = {
			isa = XCBuildConfiguration;
			buildSettings = {
				ALWAYS_SEARCH_USER_PATHS = NO;
				CLANG_ANALYZER_NONNULL = YES;
				CLANG_ANALYZER_NUMBER_OBJECT_CONVERSION = YES_AGGRESSIVE;
				CLANG_CXX_LANGUAGE_STANDARD = "gnu++17";
				CLANG_ENABLE_MODULES = YES;
				CLANG_ENABLE_OBJC_ARC = YES;
				CLANG_ENABLE_OBJC_WEAK = YES;
				CLANG_WARN_BLOCK_CAPTURE_AUTORELEASING = YES;
				CLANG_WARN_BOOL_CONVERSION = YES;
				CLANG_WARN_COMMA = YES;
				CLANG_WARN_CONSTANT_CONVERSION = YES;
				CLANG_WARN_DEPRECATED_OBJC_IMPLEMENTATIONS = YES;
				CLANG_WARN_DIRECT_OBJC_ISA_USAGE = YES_ERROR;
				CLANG_WARN_DOCUMENTATION_COMMENTS = YES;
				CLANG_WARN_EMPTY_BODY = YES;
				CLANG_WARN_ENUM_CONVERSION = YES;
				CLANG_WARN_INFINITE_RECURSION = YES;
				CLANG_WARN_INT_CONVERSION = YES;
				CLANG_WARN_NON_LITERAL_NULL_CONVERSION = YES;
				CLANG_WARN_OBJC_IMPLICIT_RETAIN_SELF = YES;
				CLANG_WARN_OBJC_LITERAL_CONVERSION = YES;
				CLANG_WARN_OBJC_ROOT_CLASS = YES_ERROR;
				CLANG_WARN_QUOTED_INCLUDE_IN_FRAMEWORK_HEADER = YES;
				CLANG_WARN_RANGE_LOOP_ANALYSIS = YES;
				CLANG_WARN_STRICT_PROTOTYPES = YES;
				CLANG_WARN_SUSPICIOUS_MOVE = YES;
				CLANG_WARN_UNGUARDED_AVAILABILITY = YES_AGGRESSIVE;
				CLANG_WARN_UNREACHABLE_CODE = YES;
				CLANG_WARN__DUPLICATE_METHOD_MATCH = YES;
				COPY_PHASE_STRIP = NO;
				DEBUG_INFORMATION_FORMAT = "dwarf-with-dsym";
				ENABLE_NS_ASSERTIONS = NO;
				ENABLE_STRICT_OBJC_MSGSEND = YES;
				GCC_C_LANGUAGE_STANDARD = gnu11;
				GCC_NO_COMMON_BLOCKS = YES;
				GCC_WARN_64_TO_32_BIT_CONVERSION = YES;
				GCC_WARN_ABOUT_RETURN_TYPE = YES_ERROR;
				GCC_WARN_UNDECLARED_SELECTOR = YES;
				GCC_WARN_UNINITIALIZED_AUTOS = YES_AGGRESSIVE;
				GCC_WARN_UNUSED_FUNCTION = YES;
				GCC_WARN_UNUSED_VARIABLE = YES;
				IPHONEOS_DEPLOYMENT_TARGET = 15.4;
				MTL_ENABLE_DEBUG_INFO = NO;
				MTL_FAST_MATH = YES;
				SDKROOT = iphoneos;
				SWIFT_COMPILATION_MODE = wholemodule;
				SWIFT_OPTIMIZATION_LEVEL = "-O";
				VALIDATE_PRODUCT = YES;
			};
			name = Release;
		};
		9E27C093282B890800025673 /* Debug */ = {
			isa = XCBuildConfiguration;
			buildSettings = {
				ASSETCATALOG_COMPILER_APPICON_NAME = AppIcon;
				ASSETCATALOG_COMPILER_GLOBAL_ACCENT_COLOR_NAME = AccentColor;
				CODE_SIGN_STYLE = Automatic;
				CURRENT_PROJECT_VERSION = 1;
				DEVELOPMENT_ASSET_PATHS = "\"SwiftUIDemo/Preview Content\"";
				DEVELOPMENT_TEAM = 7A2LMTM6Y3;
				ENABLE_PREVIEWS = YES;
				GENERATE_INFOPLIST_FILE = YES;
				INFOPLIST_KEY_UIApplicationSceneManifest_Generation = YES;
				INFOPLIST_KEY_UIApplicationSupportsIndirectInputEvents = YES;
				INFOPLIST_KEY_UILaunchScreen_Generation = YES;
				INFOPLIST_KEY_UISupportedInterfaceOrientations_iPad = "UIInterfaceOrientationPortrait UIInterfaceOrientationPortraitUpsideDown UIInterfaceOrientationLandscapeLeft UIInterfaceOrientationLandscapeRight";
				INFOPLIST_KEY_UISupportedInterfaceOrientations_iPhone = "UIInterfaceOrientationPortrait UIInterfaceOrientationLandscapeLeft UIInterfaceOrientationLandscapeRight";
				LD_RUNPATH_SEARCH_PATHS = (
					"$(inherited)",
					"@executable_path/Frameworks",
				);
				MARKETING_VERSION = 1.0;
				PRODUCT_BUNDLE_IDENTIFIER = tuan.SwiftUIDemo;
				PRODUCT_NAME = "$(TARGET_NAME)";
				SWIFT_EMIT_LOC_STRINGS = YES;
				SWIFT_VERSION = 5.0;
				TARGETED_DEVICE_FAMILY = "1,2";
			};
			name = Debug;
		};
		9E27C094282B890800025673 /* Release */ = {
			isa = XCBuildConfiguration;
			buildSettings = {
				ASSETCATALOG_COMPILER_APPICON_NAME = AppIcon;
				ASSETCATALOG_COMPILER_GLOBAL_ACCENT_COLOR_NAME = AccentColor;
				CODE_SIGN_STYLE = Automatic;
				CURRENT_PROJECT_VERSION = 1;
				DEVELOPMENT_ASSET_PATHS = "\"SwiftUIDemo/Preview Content\"";
				DEVELOPMENT_TEAM = 7A2LMTM6Y3;
				ENABLE_PREVIEWS = YES;
				GENERATE_INFOPLIST_FILE = YES;
				INFOPLIST_KEY_UIApplicationSceneManifest_Generation = YES;
				INFOPLIST_KEY_UIApplicationSupportsIndirectInputEvents = YES;
				INFOPLIST_KEY_UILaunchScreen_Generation = YES;
				INFOPLIST_KEY_UISupportedInterfaceOrientations_iPad = "UIInterfaceOrientationPortrait UIInterfaceOrientationPortraitUpsideDown UIInterfaceOrientationLandscapeLeft UIInterfaceOrientationLandscapeRight";
				INFOPLIST_KEY_UISupportedInterfaceOrientations_iPhone = "UIInterfaceOrientationPortrait UIInterfaceOrientationLandscapeLeft UIInterfaceOrientationLandscapeRight";
				LD_RUNPATH_SEARCH_PATHS = (
					"$(inherited)",
					"@executable_path/Frameworks",
				);
				MARKETING_VERSION = 1.0;
				PRODUCT_BUNDLE_IDENTIFIER = tuan.SwiftUIDemo;
				PRODUCT_NAME = "$(TARGET_NAME)";
				SWIFT_EMIT_LOC_STRINGS = YES;
				SWIFT_VERSION = 5.0;
				TARGETED_DEVICE_FAMILY = "1,2";
			};
			name = Release;
		};
/* End XCBuildConfiguration section */

/* Begin XCConfigurationList section */
		9E27C07F282B890700025673 /* Build configuration list for PBXProject "SwiftUIDemo" */ = {
			isa = XCConfigurationList;
			buildConfigurations = (
				9E27C090282B890800025673 /* Debug */,
				9E27C091282B890800025673 /* Release */,
			);
			defaultConfigurationIsVisible = 0;
			defaultConfigurationName = Release;
		};
		9E27C092282B890800025673 /* Build configuration list for PBXNativeTarget "SwiftUIDemo" */ = {
			isa = XCConfigurationList;
			buildConfigurations = (
				9E27C093282B890800025673 /* Debug */,
				9E27C094282B890800025673 /* Release */,
			);
			defaultConfigurationIsVisible = 0;
			defaultConfigurationName = Release;
		};
/* End XCConfigurationList section */
	};
	rootObject = 9E27C07C282B890700025673 /* Project object */;
}
